
Microsoft Visual Studio Solution File, Format Version 12.00
# Visual Studio Version 17
VisualStudioVersion = 17.3.32901.215
MinimumVisualStudioVersion = 10.0.40219.1
Project("{FAE04EC0-301F-11D3-BF4B-00C04F79EFBC}") = "NanoCorpWebAppMVCNoAuth", "NanoCorpWebAppMVCNoAuth.csproj", "{27DF1901-A37A-49DA-AFD6-3C6A4657D23A}"
EndProject
Global
	GlobalSection(SolutionConfigurationPlatforms) = preSolution
		Debug|Any CPU = Debug|Any CPU
		Release|Any CPU = Release|Any CPU
	EndGlobalSection
	GlobalSection(ProjectConfigurationPlatforms) = postSolution
		{27DF1901-A37A-49DA-AFD6-3C6A4657D23A}.Debug|Any CPU.ActiveCfg = Debug|Any CPU
		{27DF1901-A37A-49DA-AFD6-3C6A4657D23A}.Debug|Any CPU.Build.0 = Debug|Any CPU
		{27DF1901-A37A-49DA-AFD6-3C6A4657D23A}.Release|Any CPU.ActiveCfg = Release|Any CPU
		{27DF1901-A37A-49DA-AFD6-3C6A4657D23A}.Release|Any CPU.Build.0 = Release|Any CPU
	EndGlobalSection
	GlobalSection(SolutionProperties) = preSolution
		HideSolutionNode = FALSE
	EndGlobalSection
	GlobalSection(ExtensibilityGlobals) = postSolution
		SolutionGuid = {521BE44E-373E-413B-B053-206026E09861}
	EndGlobalSection
EndGlobal
